
Microsoft Visual Studio Solution File, Format Version 12.00
# Visual Studio 14
VisualStudioVersion = 14.0.25420.1
MinimumVisualStudioVersion = 10.0.40219.1
Project("{FAE04EC0-301F-11D3-BF4B-00C04F79EFBC}") = "5_Valdez_MiPrimerMenuGui", "5_Valdez_MiPrimerMenuGui\5_Valdez_MiPrimerMenuGui.csproj", "{1D88FCB0-90C8-4219-9055-744BD6B81BEA}"
EndProject
Global
	GlobalSection(SolutionConfigurationPlatforms) = preSolution
		Debug|Any CPU = Debug|Any CPU
		Release|Any CPU = Release|Any CPU
	EndGlobalSection
	GlobalSection(ProjectConfigurationPlatforms) = postSolution
		{1D88FCB0-90C8-4219-9055-744BD6B81BEA}.Debug|Any CPU.ActiveCfg = Debug|Any CPU
		{1D88FCB0-90C8-4219-9055-744BD6B81BEA}.Debug|Any CPU.Build.0 = Debug|Any CPU
		{1D88FCB0-90C8-4219-9055-744BD6B81BEA}.Release|Any CPU.ActiveCfg = Release|Any CPU
		{1D88FCB0-90C8-4219-9055-744BD6B81BEA}.Release|Any CPU.Build.0 = Release|Any CPU
	EndGlobalSection
	GlobalSection(SolutionProperties) = preSolution
		HideSolutionNode = FALSE
	EndGlobalSection
EndGlobal
